
Microsoft Visual Studio Solution File, Format Version 12.00
# Visual Studio Version 17
VisualStudioVersion = 17.3.32929.385
MinimumVisualStudioVersion = 10.0.40219.1
Project("{FAE04EC0-301F-11D3-BF4B-00C04F79EFBC}") = "OOP 3rd Study Lists", "OOP 3rd Study Lists\OOP 3rd Study Lists.csproj", "{2FAC8EA0-C239-4590-BE08-AF8667CCFB8A}"
EndProject
Global
	GlobalSection(SolutionConfigurationPlatforms) = preSolution
		Debug|Any CPU = Debug|Any CPU
		Release|Any CPU = Release|Any CPU
	EndGlobalSection
	GlobalSection(ProjectConfigurationPlatforms) = postSolution
		{2FAC8EA0-C239-4590-BE08-AF8667CCFB8A}.Debug|Any CPU.ActiveCfg = Debug|Any CPU
		{2FAC8EA0-C239-4590-BE08-AF8667CCFB8A}.Debug|Any CPU.Build.0 = Debug|Any CPU
		{2FAC8EA0-C239-4590-BE08-AF8667CCFB8A}.Release|Any CPU.ActiveCfg = Release|Any CPU
		{2FAC8EA0-C239-4590-BE08-AF8667CCFB8A}.Release|Any CPU.Build.0 = Release|Any CPU
	EndGlobalSection
	GlobalSection(SolutionProperties) = preSolution
		HideSolutionNode = FALSE
	EndGlobalSection
	GlobalSection(ExtensibilityGlobals) = postSolution
		SolutionGuid = {CB91E36F-E25B-4FE4-82A8-7950919322B3}
	EndGlobalSection
EndGlobal
